// !$*UTF8*$!
{
	archiveVersion = 1;
	classes = {
	};
	objectVersion = 46;
	objects = {

/* Begin PBXBuildFile section */
		87246B3719918C1A004697F9 /* AppDelegate.swift in Sources */ = {isa = PBXBuildFile; fileRef = 87246B3619918C1A004697F9 /* AppDelegate.swift */; };
		87246B3919918C1A004697F9 /* PictureViewController.swift in Sources */ = {isa = PBXBuildFile; fileRef = 87246B3819918C1A004697F9 /* PictureViewController.swift */; };
		87246B3E19918C1A004697F9 /* Main.storyboard in Resources */ = {isa = PBXBuildFile; fileRef = 87246B3C19918C1A004697F9 /* Main.storyboard */; };
		87246B4019918C1A004697F9 /* Images.xcassets in Resources */ = {isa = PBXBuildFile; fileRef = 87246B3F19918C1A004697F9 /* Images.xcassets */; };
		87246B4C19918C1A004697F9 /* giftTests.swift in Sources */ = {isa = PBXBuildFile; fileRef = 87246B4B19918C1A004697F9 /* giftTests.swift */; };
		87246B5B19919283004697F9 /* Parse.framework in Frameworks */ = {isa = PBXBuildFile; fileRef = 87246B5A19919283004697F9 /* Parse.framework */; settings = {ATTRIBUTES = (Required, ); }; };
		87246B68199193A1004697F9 /* AudioToolbox.framework in Frameworks */ = {isa = PBXBuildFile; fileRef = 87246B5E199193A1004697F9 /* AudioToolbox.framework */; };
		87246B69199193A1004697F9 /* CFNetwork.framework in Frameworks */ = {isa = PBXBuildFile; fileRef = 87246B5F199193A1004697F9 /* CFNetwork.framework */; };
		87246B6A199193A1004697F9 /* CoreGraphics.framework in Frameworks */ = {isa = PBXBuildFile; fileRef = 87246B60199193A1004697F9 /* CoreGraphics.framework */; };
		87246B6B199193A1004697F9 /* CoreLocation.framework in Frameworks */ = {isa = PBXBuildFile; fileRef = 87246B61199193A1004697F9 /* CoreLocation.framework */; };
		87246B6C199193A1004697F9 /* libz.dylib in Frameworks */ = {isa = PBXBuildFile; fileRef = 87246B62199193A1004697F9 /* libz.dylib */; };
		87246B6D199193A1004697F9 /* MobileCoreServices.framework in Frameworks */ = {isa = PBXBuildFile; fileRef = 87246B63199193A1004697F9 /* MobileCoreServices.framework */; };
		87246B6E199193A1004697F9 /* QuartzCore.framework in Frameworks */ = {isa = PBXBuildFile; fileRef = 87246B64199193A1004697F9 /* QuartzCore.framework */; };
		87246B6F199193A1004697F9 /* Security.framework in Frameworks */ = {isa = PBXBuildFile; fileRef = 87246B65199193A1004697F9 /* Security.framework */; };
		87246B70199193A1004697F9 /* StoreKit.framework in Frameworks */ = {isa = PBXBuildFile; fileRef = 87246B66199193A1004697F9 /* StoreKit.framework */; };
		87246B71199193A1004697F9 /* SystemConfiguration.framework in Frameworks */ = {isa = PBXBuildFile; fileRef = 87246B67199193A1004697F9 /* SystemConfiguration.framework */; };
		87246B731991941F004697F9 /* Foundation.framework in Frameworks */ = {isa = PBXBuildFile; fileRef = 87246B721991941F004697F9 /* Foundation.framework */; };
		87246B751991942B004697F9 /* UIKit.framework in Frameworks */ = {isa = PBXBuildFile; fileRef = 87246B741991942B004697F9 /* UIKit.framework */; };
		87246B7A199197D4004697F9 /* me.png in Resources */ = {isa = PBXBuildFile; fileRef = 87246B79199197D4004697F9 /* me.png */; };
		87246B841992D3D1004697F9 /* AddPictureController.swift in Sources */ = {isa = PBXBuildFile; fileRef = 87246B831992D3D1004697F9 /* AddPictureController.swift */; };
		87246B861992DA0F004697F9 /* cal.jpeg in Resources */ = {isa = PBXBuildFile; fileRef = 87246B851992DA0F004697F9 /* cal.jpeg */; };
		87246B921992DC04004697F9 /* picture.png in Resources */ = {isa = PBXBuildFile; fileRef = 87246B911992DC04004697F9 /* picture.png */; };
		87246B961992DD81004697F9 /* camera.png in Resources */ = {isa = PBXBuildFile; fileRef = 87246B951992DD81004697F9 /* camera.png */; };
		87246B9C1992DE42004697F9 /* letter.png in Resources */ = {isa = PBXBuildFile; fileRef = 87246B9B1992DE42004697F9 /* letter.png */; };
		87246B9E1992DE6F004697F9 /* photos.png in Resources */ = {isa = PBXBuildFile; fileRef = 87246B9D1992DE6F004697F9 /* photos.png */; };
		87246BA01992DEC1004697F9 /* walking.png in Resources */ = {isa = PBXBuildFile; fileRef = 87246B9F1992DEC1004697F9 /* walking.png */; };
		87246BA21992DF31004697F9 /* california.png in Resources */ = {isa = PBXBuildFile; fileRef = 87246BA11992DF31004697F9 /* california.png */; };
		87246BA41992E55A004697F9 /* WordViewController.swift in Sources */ = {isa = PBXBuildFile; fileRef = 87246BA31992E55A004697F9 /* WordViewController.swift */; };
		874C8C4819956412003B28A9 /* launch2x.jpeg in Resources */ = {isa = PBXBuildFile; fileRef = 874C8C4619956412003B28A9 /* launch2x.jpeg */; };
		874C8C4919956412003B28A9 /* launchr4.jpeg in Resources */ = {isa = PBXBuildFile; fileRef = 874C8C4719956412003B28A9 /* launchr4.jpeg */; };
		874C8C4D19958574003B28A9 /* bettertogether.mp3 in Resources */ = {isa = PBXBuildFile; fileRef = 874C8C4C19958574003B28A9 /* bettertogether.mp3 */; };
		874C8C4F19958585003B28A9 /* khalil.mp3 in Resources */ = {isa = PBXBuildFile; fileRef = 874C8C4E19958585003B28A9 /* khalil.mp3 */; };
		874C8C521995879D003B28A9 /* MainViewController.m in Sources */ = {isa = PBXBuildFile; fileRef = 874C8C511995879D003B28A9 /* MainViewController.m */; };
		87BDEA9419940714006412DC /* NSURLRequest+OAuth.m in Sources */ = {isa = PBXBuildFile; fileRef = 87BDEA9119940714006412DC /* NSURLRequest+OAuth.m */; };
		87BDEA9519940714006412DC /* YPAPISample.m in Sources */ = {isa = PBXBuildFile; fileRef = 87BDEA9319940714006412DC /* YPAPISample.m */; };
		87BDEAB11994073B006412DC /* OACall.m in Sources */ = {isa = PBXBuildFile; fileRef = 87BDEA9A1994073B006412DC /* OACall.m */; };
		87BDEAB21994073B006412DC /* OAConsumer.m in Sources */ = {isa = PBXBuildFile; fileRef = 87BDEA9C1994073B006412DC /* OAConsumer.m */; };
		87BDEAB31994073B006412DC /* OADataFetcher.m in Sources */ = {isa = PBXBuildFile; fileRef = 87BDEA9E1994073B006412DC /* OADataFetcher.m */; };
		87BDEAB41994073B006412DC /* OAHMAC_SHA1SignatureProvider.m in Sources */ = {isa = PBXBuildFile; fileRef = 87BDEAA01994073B006412DC /* OAHMAC_SHA1SignatureProvider.m */; };
		87BDEAB51994073B006412DC /* OAMutableURLRequest.m in Sources */ = {isa = PBXBuildFile; fileRef = 87BDEAA21994073B006412DC /* OAMutableURLRequest.m */; };
		87BDEAB61994073B006412DC /* OAPlaintextSignatureProvider.m in Sources */ = {isa = PBXBuildFile; fileRef = 87BDEAA41994073B006412DC /* OAPlaintextSignatureProvider.m */; };
		87BDEAB71994073B006412DC /* OAProblem.m in Sources */ = {isa = PBXBuildFile; fileRef = 87BDEAA61994073B006412DC /* OAProblem.m */; };
		87BDEAB81994073B006412DC /* OARequestParameter.m in Sources */ = {isa = PBXBuildFile; fileRef = 87BDEAA81994073B006412DC /* OARequestParameter.m */; };
		87BDEAB91994073B006412DC /* OAServiceTicket.m in Sources */ = {isa = PBXBuildFile; fileRef = 87BDEAAA1994073B006412DC /* OAServiceTicket.m */; };
		87BDEABA1994073B006412DC /* OAToken.m in Sources */ = {isa = PBXBuildFile; fileRef = 87BDEAAD1994073B006412DC /* OAToken.m */; };
		87BDEABB1994073B006412DC /* OATokenManager.m in Sources */ = {isa = PBXBuildFile; fileRef = 87BDEAAF1994073B006412DC /* OATokenManager.m */; };
		87BDEAC21994075D006412DC /* Base64Transcoder.c in Sources */ = {isa = PBXBuildFile; fileRef = 87BDEABC1994075D006412DC /* Base64Transcoder.c */; };
		87BDEAC31994075D006412DC /* hmac.c in Sources */ = {isa = PBXBuildFile; fileRef = 87BDEABE1994075D006412DC /* hmac.c */; };
		87BDEAC41994075D006412DC /* sha1.c in Sources */ = {isa = PBXBuildFile; fileRef = 87BDEAC01994075D006412DC /* sha1.c */; };
		87BDEACB19940764006412DC /* NSMutableURLRequest+Parameters.m in Sources */ = {isa = PBXBuildFile; fileRef = 87BDEAC619940764006412DC /* NSMutableURLRequest+Parameters.m */; };
		87BDEACC19940764006412DC /* NSString+URLEncoding.m in Sources */ = {isa = PBXBuildFile; fileRef = 87BDEAC819940764006412DC /* NSString+URLEncoding.m */; };
		87BDEACD19940764006412DC /* NSURL+Base.m in Sources */ = {isa = PBXBuildFile; fileRef = 87BDEACA19940764006412DC /* NSURL+Base.m */; };
		87BDEAD2199427F7006412DC /* ActivitySuggestorController.m in Sources */ = {isa = PBXBuildFile; fileRef = 87BDEAD1199427F7006412DC /* ActivitySuggestorController.m */; };
		87F8D5B7199323A100375FF0 /* GHUnit.framework in Frameworks */ = {isa = PBXBuildFile; fileRef = 87F8D5B5199323A100375FF0 /* GHUnit.framework */; };
		87F8D5B8199323A100375FF0 /* YAJL.framework in Frameworks */ = {isa = PBXBuildFile; fileRef = 87F8D5B6199323A100375FF0 /* YAJL.framework */; };
		87F8D5C419932F1B00375FF0 /* map.png in Resources */ = {isa = PBXBuildFile; fileRef = 87F8D5C319932F1B00375FF0 /* map.png */; };
		87F8D5C6199332D600375FF0 /* us.jpg in Resources */ = {isa = PBXBuildFile; fileRef = 87F8D5C5199332D600375FF0 /* us.jpg */; };
		87F8D5CE1993375500375FF0 /* 4.jpg in Resources */ = {isa = PBXBuildFile; fileRef = 87F8D5C71993375500375FF0 /* 4.jpg */; };
		87F8D5CF1993375500375FF0 /* 5.jpg in Resources */ = {isa = PBXBuildFile; fileRef = 87F8D5C81993375500375FF0 /* 5.jpg */; };
		87F8D5D01993375500375FF0 /* 6.jpg in Resources */ = {isa = PBXBuildFile; fileRef = 87F8D5C91993375500375FF0 /* 6.jpg */; };
		87F8D5D11993375500375FF0 /* 7.jpg in Resources */ = {isa = PBXBuildFile; fileRef = 87F8D5CA1993375500375FF0 /* 7.jpg */; };
		87F8D5D21993375500375FF0 /* 8.jpg in Resources */ = {isa = PBXBuildFile; fileRef = 87F8D5CB1993375500375FF0 /* 8.jpg */; };
		87F8D5D31993375500375FF0 /* 9.jpg in Resources */ = {isa = PBXBuildFile; fileRef = 87F8D5CC1993375500375FF0 /* 9.jpg */; };
		87F8D5D41993375500375FF0 /* 3.jpg in Resources */ = {isa = PBXBuildFile; fileRef = 87F8D5CD1993375500375FF0 /* 3.jpg */; };
		87F8D5DC1993376200375FF0 /* 11.jpg in Resources */ = {isa = PBXBuildFile; fileRef = 87F8D5D51993376200375FF0 /* 11.jpg */; };
		87F8D5DD1993376200375FF0 /* 16.jpg in Resources */ = {isa = PBXBuildFile; fileRef = 87F8D5D61993376200375FF0 /* 16.jpg */; };
		87F8D5DE1993376200375FF0 /* 12.jpg in Resources */ = {isa = PBXBuildFile; fileRef = 87F8D5D71993376200375FF0 /* 12.jpg */; };
		87F8D5DF1993376200375FF0 /* 13.jpg in Resources */ = {isa = PBXBuildFile; fileRef = 87F8D5D81993376200375FF0 /* 13.jpg */; };
		87F8D5E01993376200375FF0 /* 14.jpg in Resources */ = {isa = PBXBuildFile; fileRef = 87F8D5D91993376200375FF0 /* 14.jpg */; };
		87F8D5E11993376200375FF0 /* 15.jpg in Resources */ = {isa = PBXBuildFile; fileRef = 87F8D5DA1993376200375FF0 /* 15.jpg */; };
		87F8D5E21993376200375FF0 /* 10.jpg in Resources */ = {isa = PBXBuildFile; fileRef = 87F8D5DB1993376200375FF0 /* 10.jpg */; };
		87F8D5E71993376C00375FF0 /* 17.jpg in Resources */ = {isa = PBXBuildFile; fileRef = 87F8D5E31993376C00375FF0 /* 17.jpg */; };
		87F8D5E81993376C00375FF0 /* 20.jpg in Resources */ = {isa = PBXBuildFile; fileRef = 87F8D5E41993376C00375FF0 /* 20.jpg */; };
		87F8D5E91993376C00375FF0 /* 19.jpg in Resources */ = {isa = PBXBuildFile; fileRef = 87F8D5E51993376C00375FF0 /* 19.jpg */; };
		87F8D5EA1993376C00375FF0 /* 18.jpg in Resources */ = {isa = PBXBuildFile; fileRef = 87F8D5E61993376C00375FF0 /* 18.jpg */; };
		87F8D5ED1993377500375FF0 /* 2.jpg in Resources */ = {isa = PBXBuildFile; fileRef = 87F8D5EB1993377500375FF0 /* 2.jpg */; };
		87F8D5EE1993377500375FF0 /* 1.jpg in Resources */ = {isa = PBXBuildFile; fileRef = 87F8D5EC1993377500375FF0 /* 1.jpg */; };
/* End PBXBuildFile section */

/* Begin PBXContainerItemProxy section */
		87246B4619918C1A004697F9 /* PBXContainerItemProxy */ = {
			isa = PBXContainerItemProxy;
			containerPortal = 87246B2919918C1A004697F9 /* Project object */;
			proxyType = 1;
			remoteGlobalIDString = 87246B3019918C1A004697F9;
			remoteInfo = gift;
		};
/* End PBXContainerItemProxy section */

/* Begin PBXFileReference section */
		87246B3119918C1A004697F9 /* gift.app */ = {isa = PBXFileReference; explicitFileType = wrapper.application; includeInIndex = 0; path = gift.app; sourceTree = BUILT_PRODUCTS_DIR; };
		87246B3519918C1A004697F9 /* Info.plist */ = {isa = PBXFileReference; lastKnownFileType = text.plist.xml; path = Info.plist; sourceTree = "<group>"; };
		87246B3619918C1A004697F9 /* AppDelegate.swift */ = {isa = PBXFileReference; lastKnownFileType = sourcecode.swift; path = AppDelegate.swift; sourceTree = "<group>"; };
		87246B3819918C1A004697F9 /* PictureViewController.swift */ = {isa = PBXFileReference; lastKnownFileType = sourcecode.swift; path = PictureViewController.swift; sourceTree = "<group>"; };
		87246B3D19918C1A004697F9 /* Base */ = {isa = PBXFileReference; lastKnownFileType = file.storyboard; name = Base; path = Base.lproj/Main.storyboard; sourceTree = "<group>"; };
		87246B3F19918C1A004697F9 /* Images.xcassets */ = {isa = PBXFileReference; lastKnownFileType = folder.assetcatalog; path = Images.xcassets; sourceTree = "<group>"; };
		87246B4519918C1A004697F9 /* giftTests.xctest */ = {isa = PBXFileReference; explicitFileType = wrapper.cfbundle; includeInIndex = 0; path = giftTests.xctest; sourceTree = BUILT_PRODUCTS_DIR; };
		87246B4A19918C1A004697F9 /* Info.plist */ = {isa = PBXFileReference; lastKnownFileType = text.plist.xml; path = Info.plist; sourceTree = "<group>"; };
		87246B4B19918C1A004697F9 /* giftTests.swift */ = {isa = PBXFileReference; lastKnownFileType = sourcecode.swift; path = giftTests.swift; sourceTree = "<group>"; };
		87246B5A19919283004697F9 /* Parse.framework */ = {isa = PBXFileReference; lastKnownFileType = wrapper.framework; path = Parse.framework; sourceTree = "<group>"; };
		87246B5E199193A1004697F9 /* AudioToolbox.framework */ = {isa = PBXFileReference; lastKnownFileType = wrapper.framework; name = AudioToolbox.framework; path = System/Library/Frameworks/AudioToolbox.framework; sourceTree = SDKROOT; };
		87246B5F199193A1004697F9 /* CFNetwork.framework */ = {isa = PBXFileReference; lastKnownFileType = wrapper.framework; name = CFNetwork.framework; path = System/Library/Frameworks/CFNetwork.framework; sourceTree = SDKROOT; };
		87246B60199193A1004697F9 /* CoreGraphics.framework */ = {isa = PBXFileReference; lastKnownFileType = wrapper.framework; name = CoreGraphics.framework; path = System/Library/Frameworks/CoreGraphics.framework; sourceTree = SDKROOT; };
		87246B61199193A1004697F9 /* CoreLocation.framework */ = {isa = PBXFileReference; lastKnownFileType = wrapper.framework; name = CoreLocation.framework; path = System/Library/Frameworks/CoreLocation.framework; sourceTree = SDKROOT; };
		87246B62199193A1004697F9 /* libz.dylib */ = {isa = PBXFileReference; lastKnownFileType = "compiled.mach-o.dylib"; name = libz.dylib; path = usr/lib/libz.dylib; sourceTree = SDKROOT; };
		87246B63199193A1004697F9 /* MobileCoreServices.framework */ = {isa = PBXFileReference; lastKnownFileType = wrapper.framework; name = MobileCoreServices.framework; path = System/Library/Frameworks/MobileCoreServices.framework; sourceTree = SDKROOT; };
		87246B64199193A1004697F9 /* QuartzCore.framework */ = {isa = PBXFileReference; lastKnownFileType = wrapper.framework; name = QuartzCore.framework; path = System/Library/Frameworks/QuartzCore.framework; sourceTree = SDKROOT; };
		87246B65199193A1004697F9 /* Security.framework */ = {isa = PBXFileReference; lastKnownFileType = wrapper.framework; name = Security.framework; path = System/Library/Frameworks/Security.framework; sourceTree = SDKROOT; };
		87246B66199193A1004697F9 /* StoreKit.framework */ = {isa = PBXFileReference; lastKnownFileType = wrapper.framework; name = StoreKit.framework; path = System/Library/Frameworks/StoreKit.framework; sourceTree = SDKROOT; };
		87246B67199193A1004697F9 /* SystemConfiguration.framework */ = {isa = PBXFileReference; lastKnownFileType = wrapper.framework; name = SystemConfiguration.framework; path = System/Library/Frameworks/SystemConfiguration.framework; sourceTree = SDKROOT; };
		87246B721991941F004697F9 /* Foundation.framework */ = {isa = PBXFileReference; lastKnownFileType = wrapper.framework; name = Foundation.framework; path = System/Library/Frameworks/Foundation.framework; sourceTree = SDKROOT; };
		87246B741991942B004697F9 /* UIKit.framework */ = {isa = PBXFileReference; lastKnownFileType = wrapper.framework; name = UIKit.framework; path = System/Library/Frameworks/UIKit.framework; sourceTree = SDKROOT; };
		87246B7619919690004697F9 /* gift-Bridging-Header.h */ = {isa = PBXFileReference; lastKnownFileType = sourcecode.c.h; path = "gift-Bridging-Header.h"; sourceTree = SOURCE_ROOT; };
		87246B79199197D4004697F9 /* me.png */ = {isa = PBXFileReference; lastKnownFileType = image.png; path = me.png; sourceTree = "<group>"; };
		87246B831992D3D1004697F9 /* AddPictureController.swift */ = {isa = PBXFileReference; fileEncoding = 4; lastKnownFileType = sourcecode.swift; path = AddPictureController.swift; sourceTree = "<group>"; };
		87246B851992DA0F004697F9 /* cal.jpeg */ = {isa = PBXFileReference; lastKnownFileType = image.jpeg; path = cal.jpeg; sourceTree = "<group>"; };
		87246B911992DC04004697F9 /* picture.png */ = {isa = PBXFileReference; lastKnownFileType = image.png; path = picture.png; sourceTree = "<group>"; };
		87246B951992DD81004697F9 /* camera.png */ = {isa = PBXFileReference; lastKnownFileType = image.png; path = camera.png; sourceTree = "<group>"; };
		87246B9B1992DE42004697F9 /* letter.png */ = {isa = PBXFileReference; lastKnownFileType = image.png; path = letter.png; sourceTree = "<group>"; };
		87246B9D1992DE6F004697F9 /* photos.png */ = {isa = PBXFileReference; lastKnownFileType = image.png; path = photos.png; sourceTree = "<group>"; };
		87246B9F1992DEC1004697F9 /* walking.png */ = {isa = PBXFileReference; lastKnownFileType = image.png; path = walking.png; sourceTree = "<group>"; };
		87246BA11992DF31004697F9 /* california.png */ = {isa = PBXFileReference; lastKnownFileType = image.png; path = california.png; sourceTree = "<group>"; };
		87246BA31992E55A004697F9 /* WordViewController.swift */ = {isa = PBXFileReference; fileEncoding = 4; lastKnownFileType = sourcecode.swift; path = WordViewController.swift; sourceTree = "<group>"; };
		874C8C4619956412003B28A9 /* launch2x.jpeg */ = {isa = PBXFileReference; lastKnownFileType = image.jpeg; path = launch2x.jpeg; sourceTree = "<group>"; };
		874C8C4719956412003B28A9 /* launchr4.jpeg */ = {isa = PBXFileReference; lastKnownFileType = image.jpeg; path = launchr4.jpeg; sourceTree = "<group>"; };
		874C8C4C19958574003B28A9 /* bettertogether.mp3 */ = {isa = PBXFileReference; lastKnownFileType = audio.mp3; path = bettertogether.mp3; sourceTree = "<group>"; };
		874C8C4E19958585003B28A9 /* khalil.mp3 */ = {isa = PBXFileReference; lastKnownFileType = audio.mp3; path = khalil.mp3; sourceTree = "<group>"; };
		874C8C501995879D003B28A9 /* MainViewController.h */ = {isa = PBXFileReference; fileEncoding = 4; lastKnownFileType = sourcecode.c.h; path = MainViewController.h; sourceTree = "<group>"; };
		874C8C511995879D003B28A9 /* MainViewController.m */ = {isa = PBXFileReference; fileEncoding = 4; lastKnownFileType = sourcecode.c.objc; path = MainViewController.m; sourceTree = "<group>"; };
		87BDEA9019940714006412DC /* NSURLRequest+OAuth.h */ = {isa = PBXFileReference; fileEncoding = 4; lastKnownFileType = sourcecode.c.h; path = "NSURLRequest+OAuth.h"; sourceTree = "<group>"; };
		87BDEA9119940714006412DC /* NSURLRequest+OAuth.m */ = {isa = PBXFileReference; fileEncoding = 4; lastKnownFileType = sourcecode.c.objc; path = "NSURLRequest+OAuth.m"; sourceTree = "<group>"; };
		87BDEA9219940714006412DC /* YPAPISample.h */ = {isa = PBXFileReference; fileEncoding = 4; lastKnownFileType = sourcecode.c.h; path = YPAPISample.h; sourceTree = "<group>"; };
		87BDEA9319940714006412DC /* YPAPISample.m */ = {isa = PBXFileReference; fileEncoding = 4; lastKnownFileType = sourcecode.c.objc; path = YPAPISample.m; sourceTree = "<group>"; };
		87BDEA991994073B006412DC /* OACall.h */ = {isa = PBXFileReference; fileEncoding = 4; lastKnownFileType = sourcecode.c.h; path = OACall.h; sourceTree = "<group>"; };
		87BDEA9A1994073B006412DC /* OACall.m */ = {isa = PBXFileReference; fileEncoding = 4; lastKnownFileType = sourcecode.c.objc; path = OACall.m; sourceTree = "<group>"; };
		87BDEA9B1994073B006412DC /* OAConsumer.h */ = {isa = PBXFileReference; fileEncoding = 4; lastKnownFileType = sourcecode.c.h; path = OAConsumer.h; sourceTree = "<group>"; };
		87BDEA9C1994073B006412DC /* OAConsumer.m */ = {isa = PBXFileReference; fileEncoding = 4; lastKnownFileType = sourcecode.c.objc; path = OAConsumer.m; sourceTree = "<group>"; };
		87BDEA9D1994073B006412DC /* OADataFetcher.h */ = {isa = PBXFileReference; fileEncoding = 4; lastKnownFileType = sourcecode.c.h; path = OADataFetcher.h; sourceTree = "<group>"; };
		87BDEA9E1994073B006412DC /* OADataFetcher.m */ = {isa = PBXFileReference; fileEncoding = 4; lastKnownFileType = sourcecode.c.objc; path = OADataFetcher.m; sourceTree = "<group>"; };
		87BDEA9F1994073B006412DC /* OAHMAC_SHA1SignatureProvider.h */ = {isa = PBXFileReference; fileEncoding = 4; lastKnownFileType = sourcecode.c.h; path = OAHMAC_SHA1SignatureProvider.h; sourceTree = "<group>"; };
		87BDEAA01994073B006412DC /* OAHMAC_SHA1SignatureProvider.m */ = {isa = PBXFileReference; fileEncoding = 4; lastKnownFileType = sourcecode.c.objc; path = OAHMAC_SHA1SignatureProvider.m; sourceTree = "<group>"; };
		87BDEAA11994073B006412DC /* OAMutableURLRequest.h */ = {isa = PBXFileReference; fileEncoding = 4; lastKnownFileType = sourcecode.c.h; path = OAMutableURLRequest.h; sourceTree = "<group>"; };
		87BDEAA21994073B006412DC /* OAMutableURLRequest.m */ = {isa = PBXFileReference; fileEncoding = 4; lastKnownFileType = sourcecode.c.objc; path = OAMutableURLRequest.m; sourceTree = "<group>"; };
		87BDEAA31994073B006412DC /* OAPlaintextSignatureProvider.h */ = {isa = PBXFileReference; fileEncoding = 4; lastKnownFileType = sourcecode.c.h; path = OAPlaintextSignatureProvider.h; sourceTree = "<group>"; };
		87BDEAA41994073B006412DC /* OAPlaintextSignatureProvider.m */ = {isa = PBXFileReference; fileEncoding = 4; lastKnownFileType = sourcecode.c.objc; path = OAPlaintextSignatureProvider.m; sourceTree = "<group>"; };
		87BDEAA51994073B006412DC /* OAProblem.h */ = {isa = PBXFileReference; fileEncoding = 4; lastKnownFileType = sourcecode.c.h; path = OAProblem.h; sourceTree = "<group>"; };
		87BDEAA61994073B006412DC /* OAProblem.m */ = {isa = PBXFileReference; fileEncoding = 4; lastKnownFileType = sourcecode.c.objc; path = OAProblem.m; sourceTree = "<group>"; };
		87BDEAA71994073B006412DC /* OARequestParameter.h */ = {isa = PBXFileReference; fileEncoding = 4; lastKnownFileType = sourcecode.c.h; path = OARequestParameter.h; sourceTree = "<group>"; };
		87BDEAA81994073B006412DC /* OARequestParameter.m */ = {isa = PBXFileReference; fileEncoding = 4; lastKnownFileType = sourcecode.c.objc; path = OARequestParameter.m; sourceTree = "<group>"; };
		87BDEAA91994073B006412DC /* OAServiceTicket.h */ = {isa = PBXFileReference; fileEncoding = 4; lastKnownFileType = sourcecode.c.h; path = OAServiceTicket.h; sourceTree = "<group>"; };
		87BDEAAA1994073B006412DC /* OAServiceTicket.m */ = {isa = PBXFileReference; fileEncoding = 4; lastKnownFileType = sourcecode.c.objc; path = OAServiceTicket.m; sourceTree = "<group>"; };
		87BDEAAB1994073B006412DC /* OASignatureProviding.h */ = {isa = PBXFileReference; fileEncoding = 4; lastKnownFileType = sourcecode.c.h; path = OASignatureProviding.h; sourceTree = "<group>"; };
		87BDEAAC1994073B006412DC /* OAToken.h */ = {isa = PBXFileReference; fileEncoding = 4; lastKnownFileType = sourcecode.c.h; path = OAToken.h; sourceTree = "<group>"; };
		87BDEAAD1994073B006412DC /* OAToken.m */ = {isa = PBXFileReference; fileEncoding = 4; lastKnownFileType = sourcecode.c.objc; path = OAToken.m; sourceTree = "<group>"; };
		87BDEAAE1994073B006412DC /* OATokenManager.h */ = {isa = PBXFileReference; fileEncoding = 4; lastKnownFileType = sourcecode.c.h; path = OATokenManager.h; sourceTree = "<group>"; };
		87BDEAAF1994073B006412DC /* OATokenManager.m */ = {isa = PBXFileReference; fileEncoding = 4; lastKnownFileType = sourcecode.c.objc; path = OATokenManager.m; sourceTree = "<group>"; };
		87BDEAB01994073B006412DC /* OAuthConsumer.h */ = {isa = PBXFileReference; fileEncoding = 4; lastKnownFileType = sourcecode.c.h; path = OAuthConsumer.h; sourceTree = "<group>"; };
		87BDEABC1994075D006412DC /* Base64Transcoder.c */ = {isa = PBXFileReference; fileEncoding = 4; lastKnownFileType = sourcecode.c.c; path = Base64Transcoder.c; sourceTree = "<group>"; };
		87BDEABD1994075D006412DC /* Base64Transcoder.h */ = {isa = PBXFileReference; fileEncoding = 4; lastKnownFileType = sourcecode.c.h; path = Base64Transcoder.h; sourceTree = "<group>"; };
		87BDEABE1994075D006412DC /* hmac.c */ = {isa = PBXFileReference; fileEncoding = 4; lastKnownFileType = sourcecode.c.c; path = hmac.c; sourceTree = "<group>"; };
		87BDEABF1994075D006412DC /* hmac.h */ = {isa = PBXFileReference; fileEncoding = 4; lastKnownFileType = sourcecode.c.h; path = hmac.h; sourceTree = "<group>"; };
		87BDEAC01994075D006412DC /* sha1.c */ = {isa = PBXFileReference; fileEncoding = 4; lastKnownFileType = sourcecode.c.c; path = sha1.c; sourceTree = "<group>"; };
		87BDEAC11994075D006412DC /* sha1.h */ = {isa = PBXFileReference; fileEncoding = 4; lastKnownFileType = sourcecode.c.h; path = sha1.h; sourceTree = "<group>"; };
		87BDEAC519940764006412DC /* NSMutableURLRequest+Parameters.h */ = {isa = PBXFileReference; fileEncoding = 4; lastKnownFileType = sourcecode.c.h; path = "NSMutableURLRequest+Parameters.h"; sourceTree = "<group>"; };
		87BDEAC619940764006412DC /* NSMutableURLRequest+Parameters.m */ = {isa = PBXFileReference; fileEncoding = 4; lastKnownFileType = sourcecode.c.objc; path = "NSMutableURLRequest+Parameters.m"; sourceTree = "<group>"; };
		87BDEAC719940764006412DC /* NSString+URLEncoding.h */ = {isa = PBXFileReference; fileEncoding = 4; lastKnownFileType = sourcecode.c.h; path = "NSString+URLEncoding.h"; sourceTree = "<group>"; };
		87BDEAC819940764006412DC /* NSString+URLEncoding.m */ = {isa = PBXFileReference; fileEncoding = 4; lastKnownFileType = sourcecode.c.objc; path = "NSString+URLEncoding.m"; sourceTree = "<group>"; };
		87BDEAC919940764006412DC /* NSURL+Base.h */ = {isa = PBXFileReference; fileEncoding = 4; lastKnownFileType = sourcecode.c.h; path = "NSURL+Base.h"; sourceTree = "<group>"; };
		87BDEACA19940764006412DC /* NSURL+Base.m */ = {isa = PBXFileReference; fileEncoding = 4; lastKnownFileType = sourcecode.c.objc; path = "NSURL+Base.m"; sourceTree = "<group>"; };
		87BDEAD0199427F7006412DC /* ActivitySuggestorController.h */ = {isa = PBXFileReference; fileEncoding = 4; lastKnownFileType = sourcecode.c.h; path = ActivitySuggestorController.h; sourceTree = "<group>"; };
		87BDEAD1199427F7006412DC /* ActivitySuggestorController.m */ = {isa = PBXFileReference; fileEncoding = 4; lastKnownFileType = sourcecode.c.objc; path = ActivitySuggestorController.m; sourceTree = "<group>"; };
		87F8D5B5199323A100375FF0 /* GHUnit.framework */ = {isa = PBXFileReference; lastKnownFileType = wrapper.framework; path = GHUnit.framework; sourceTree = "<group>"; };
		87F8D5B6199323A100375FF0 /* YAJL.framework */ = {isa = PBXFileReference; lastKnownFileType = wrapper.framework; path = YAJL.framework; sourceTree = "<group>"; };
		87F8D5C319932F1B00375FF0 /* map.png */ = {isa = PBXFileReference; lastKnownFileType = image.png; path = map.png; sourceTree = "<group>"; };
		87F8D5C5199332D600375FF0 /* us.jpg */ = {isa = PBXFileReference; lastKnownFileType = image.jpeg; path = us.jpg; sourceTree = "<group>"; };
		87F8D5C71993375500375FF0 /* 4.jpg */ = {isa = PBXFileReference; lastKnownFileType = image.jpeg; path = 4.jpg; sourceTree = "<group>"; };
		87F8D5C81993375500375FF0 /* 5.jpg */ = {isa = PBXFileReference; lastKnownFileType = image.jpeg; path = 5.jpg; sourceTree = "<group>"; };
		87F8D5C91993375500375FF0 /* 6.jpg */ = {isa = PBXFileReference; lastKnownFileType = image.jpeg; path = 6.jpg; sourceTree = "<group>"; };
		87F8D5CA1993375500375FF0 /* 7.jpg */ = {isa = PBXFileReference; lastKnownFileType = image.jpeg; path = 7.jpg; sourceTree = "<group>"; };
		87F8D5CB1993375500375FF0 /* 8.jpg */ = {isa = PBXFileReference; lastKnownFileType = image.jpeg; path = 8.jpg; sourceTree = "<group>"; };
		87F8D5CC1993375500375FF0 /* 9.jpg */ = {isa = PBXFileReference; lastKnownFileType = image.jpeg; path = 9.jpg; sourceTree = "<group>"; };
		87F8D5CD1993375500375FF0 /* 3.jpg */ = {isa = PBXFileReference; lastKnownFileType = image.jpeg; path = 3.jpg; sourceTree = "<group>"; };
		87F8D5D51993376200375FF0 /* 11.jpg */ = {isa = PBXFileReference; lastKnownFileType = image.jpeg; path = 11.jpg; sourceTree = "<group>"; };
		87F8D5D61993376200375FF0 /* 16.jpg */ = {isa = PBXFileReference; lastKnownFileType = image.jpeg; path = 16.jpg; sourceTree = "<group>"; };
		87F8D5D71993376200375FF0 /* 12.jpg */ = {isa = PBXFileReference; lastKnownFileType = image.jpeg; path = 12.jpg; sourceTree = "<group>"; };
		87F8D5D81993376200375FF0 /* 13.jpg */ = {isa = PBXFileReference; lastKnownFileType = image.jpeg; path = 13.jpg; sourceTree = "<group>"; };
		87F8D5D91993376200375FF0 /* 14.jpg */ = {isa = PBXFileReference; lastKnownFileType = image.jpeg; path = 14.jpg; sourceTree = "<group>"; };
		87F8D5DA1993376200375FF0 /* 15.jpg */ = {isa = PBXFileReference; lastKnownFileType = image.jpeg; path = 15.jpg; sourceTree = "<group>"; };
		87F8D5DB1993376200375FF0 /* 10.jpg */ = {isa = PBXFileReference; lastKnownFileType = image.jpeg; path = 10.jpg; sourceTree = "<group>"; };
		87F8D5E31993376C00375FF0 /* 17.jpg */ = {isa = PBXFileReference; lastKnownFileType = image.jpeg; path = 17.jpg; sourceTree = "<group>"; };
		87F8D5E41993376C00375FF0 /* 20.jpg */ = {isa = PBXFileReference; lastKnownFileType = image.jpeg; path = 20.jpg; sourceTree = "<group>"; };
		87F8D5E51993376C00375FF0 /* 19.jpg */ = {isa = PBXFileReference; lastKnownFileType = image.jpeg; path = 19.jpg; sourceTree = "<group>"; };
		87F8D5E61993376C00375FF0 /* 18.jpg */ = {isa = PBXFileReference; lastKnownFileType = image.jpeg; path = 18.jpg; sourceTree = "<group>"; };
		87F8D5EB1993377500375FF0 /* 2.jpg */ = {isa = PBXFileReference; lastKnownFileType = image.jpeg; path = 2.jpg; sourceTree = "<group>"; };
		87F8D5EC1993377500375FF0 /* 1.jpg */ = {isa = PBXFileReference; lastKnownFileType = image.jpeg; path = 1.jpg; sourceTree = "<group>"; };
/* End PBXFileReference section */

/* Begin PBXFrameworksBuildPhase section */
		87246B2E19918C1A004697F9 /* Frameworks */ = {
			isa = PBXFrameworksBuildPhase;
			buildActionMask = 2147483647;
			files = (
				87246B6B199193A1004697F9 /* CoreLocation.framework in Frameworks */,
				87F8D5B7199323A100375FF0 /* GHUnit.framework in Frameworks */,
				87F8D5B8199323A100375FF0 /* YAJL.framework in Frameworks */,
				87246B751991942B004697F9 /* UIKit.framework in Frameworks */,
				87246B731991941F004697F9 /* Foundation.framework in Frameworks */,
				87246B68199193A1004697F9 /* AudioToolbox.framework in Frameworks */,
				87246B69199193A1004697F9 /* CFNetwork.framework in Frameworks */,
				87246B6A199193A1004697F9 /* CoreGraphics.framework in Frameworks */,
				87246B6C199193A1004697F9 /* libz.dylib in Frameworks */,
				87246B6D199193A1004697F9 /* MobileCoreServices.framework in Frameworks */,
				87246B6E199193A1004697F9 /* QuartzCore.framework in Frameworks */,
				87246B6F199193A1004697F9 /* Security.framework in Frameworks */,
				87246B70199193A1004697F9 /* StoreKit.framework in Frameworks */,
				87246B71199193A1004697F9 /* SystemConfiguration.framework in Frameworks */,
				87246B5B19919283004697F9 /* Parse.framework in Frameworks */,
			);
			runOnlyForDeploymentPostprocessing = 0;
		};
		87246B4219918C1A004697F9 /* Frameworks */ = {
			isa = PBXFrameworksBuildPhase;
			buildActionMask = 2147483647;
			files = (
			);
			runOnlyForDeploymentPostprocessing = 0;
		};
/* End PBXFrameworksBuildPhase section */

/* Begin PBXGroup section */
		87246B2819918C1A004697F9 = {
			isa = PBXGroup;
			children = (
				87246B3319918C1A004697F9 /* gift */,
				87246B5D19919328004697F9 /* Frameworks */,
				87246B4819918C1A004697F9 /* giftTests */,
				87246B3219918C1A004697F9 /* Products */,
			);
			sourceTree = "<group>";
		};
		87246B3219918C1A004697F9 /* Products */ = {
			isa = PBXGroup;
			children = (
				87246B3119918C1A004697F9 /* gift.app */,
				87246B4519918C1A004697F9 /* giftTests.xctest */,
			);
			name = Products;
			sourceTree = "<group>";
		};
		87246B3319918C1A004697F9 /* gift */ = {
			isa = PBXGroup;
			children = (
				87246B7619919690004697F9 /* gift-Bridging-Header.h */,
				87BDEA9019940714006412DC /* NSURLRequest+OAuth.h */,
				87BDEA9119940714006412DC /* NSURLRequest+OAuth.m */,
				87BDEA9219940714006412DC /* YPAPISample.h */,
				87BDEA9319940714006412DC /* YPAPISample.m */,
				87BDEA961994071C006412DC /* OAuthConsumer */,
				87246B3419918C1A004697F9 /* Supporting Files */,
				87BDEAD0199427F7006412DC /* ActivitySuggestorController.h */,
				87BDEAD1199427F7006412DC /* ActivitySuggestorController.m */,
				87246B831992D3D1004697F9 /* AddPictureController.swift */,
				87246B3619918C1A004697F9 /* AppDelegate.swift */,
				87246B3C19918C1A004697F9 /* Main.storyboard */,
				874C8C501995879D003B28A9 /* MainViewController.h */,
				874C8C511995879D003B28A9 /* MainViewController.m */,
				87246B3819918C1A004697F9 /* PictureViewController.swift */,
				87246BA31992E55A004697F9 /* WordViewController.swift */,
				874C8C4C19958574003B28A9 /* bettertogether.mp3 */,
				874C8C4E19958585003B28A9 /* khalil.mp3 */,
				87246B571991913E004697F9 /* Resources */,
				87246B3F19918C1A004697F9 /* Images.xcassets */,
			);
			path = gift;
			sourceTree = "<group>";
		};
		87246B3419918C1A004697F9 /* Supporting Files */ = {
			isa = PBXGroup;
			children = (
				87246B3519918C1A004697F9 /* Info.plist */,
			);
			name = "Supporting Files";
			sourceTree = "<group>";
		};
		87246B4819918C1A004697F9 /* giftTests */ = {
			isa = PBXGroup;
			children = (
				87246B4B19918C1A004697F9 /* giftTests.swift */,
				87246B4919918C1A004697F9 /* Supporting Files */,
			);
			path = giftTests;
			sourceTree = "<group>";
		};
		87246B4919918C1A004697F9 /* Supporting Files */ = {
			isa = PBXGroup;
			children = (
				87246B4A19918C1A004697F9 /* Info.plist */,
			);
			name = "Supporting Files";
			sourceTree = "<group>";
		};
		87246B571991913E004697F9 /* Resources */ = {
			isa = PBXGroup;
			children = (
				874C8C4619956412003B28A9 /* launch2x.jpeg */,
				874C8C4719956412003B28A9 /* launchr4.jpeg */,
				87246B851992DA0F004697F9 /* cal.jpeg */,
				87F8D5C5199332D600375FF0 /* us.jpg */,
				87F8D5EB1993377500375FF0 /* 2.jpg */,
				87F8D5EC1993377500375FF0 /* 1.jpg */,
				87F8D5C71993375500375FF0 /* 4.jpg */,
				87F8D5C81993375500375FF0 /* 5.jpg */,
				87F8D5C91993375500375FF0 /* 6.jpg */,
				87F8D5CA1993375500375FF0 /* 7.jpg */,
				87F8D5CB1993375500375FF0 /* 8.jpg */,
				87F8D5CC1993375500375FF0 /* 9.jpg */,
				87F8D5E31993376C00375FF0 /* 17.jpg */,
				87F8D5E41993376C00375FF0 /* 20.jpg */,
				87F8D5E51993376C00375FF0 /* 19.jpg */,
				87F8D5E61993376C00375FF0 /* 18.jpg */,
				87F8D5D51993376200375FF0 /* 11.jpg */,
				87F8D5D61993376200375FF0 /* 16.jpg */,
				87F8D5D71993376200375FF0 /* 12.jpg */,
				87F8D5D81993376200375FF0 /* 13.jpg */,
				87F8D5D91993376200375FF0 /* 14.jpg */,
				87F8D5DA1993376200375FF0 /* 15.jpg */,
				87F8D5DB1993376200375FF0 /* 10.jpg */,
				87F8D5CD1993375500375FF0 /* 3.jpg */,
				87246B911992DC04004697F9 /* picture.png */,
				87246B9B1992DE42004697F9 /* letter.png */,
				87F8D5C319932F1B00375FF0 /* map.png */,
				87246B9F1992DEC1004697F9 /* walking.png */,
				87246BA11992DF31004697F9 /* california.png */,
				87246B9D1992DE6F004697F9 /* photos.png */,
				87246B951992DD81004697F9 /* camera.png */,
				87246B79199197D4004697F9 /* me.png */,
			);
			name = Resources;
			sourceTree = "<group>";
		};
		87246B5D19919328004697F9 /* Frameworks */ = {
			isa = PBXGroup;
			children = (
				87F8D5B5199323A100375FF0 /* GHUnit.framework */,
				87F8D5B6199323A100375FF0 /* YAJL.framework */,
				87246B741991942B004697F9 /* UIKit.framework */,
				87246B721991941F004697F9 /* Foundation.framework */,
				87246B5E199193A1004697F9 /* AudioToolbox.framework */,
				87246B5F199193A1004697F9 /* CFNetwork.framework */,
				87246B60199193A1004697F9 /* CoreGraphics.framework */,
				87246B61199193A1004697F9 /* CoreLocation.framework */,
				87246B62199193A1004697F9 /* libz.dylib */,
				87246B63199193A1004697F9 /* MobileCoreServices.framework */,
				87246B64199193A1004697F9 /* QuartzCore.framework */,
				87246B65199193A1004697F9 /* Security.framework */,
				87246B66199193A1004697F9 /* StoreKit.framework */,
				87246B67199193A1004697F9 /* SystemConfiguration.framework */,
				87246B5A19919283004697F9 /* Parse.framework */,
			);
			name = Frameworks;
			sourceTree = "<group>";
		};
		87BDEA961994071C006412DC /* OAuthConsumer */ = {
			isa = PBXGroup;
			children = (
				87BDEA9819940730006412DC /* Crypto */,
				87BDEA9719940726006412DC /* Categories */,
				87BDEA991994073B006412DC /* OACall.h */,
				87BDEA9A1994073B006412DC /* OACall.m */,
				87BDEA9B1994073B006412DC /* OAConsumer.h */,
				87BDEA9C1994073B006412DC /* OAConsumer.m */,
				87BDEA9D1994073B006412DC /* OADataFetcher.h */,
				87BDEA9E1994073B006412DC /* OADataFetcher.m */,
				87BDEA9F1994073B006412DC /* OAHMAC_SHA1SignatureProvider.h */,
				87BDEAA01994073B006412DC /* OAHMAC_SHA1SignatureProvider.m */,
				87BDEAA11994073B006412DC /* OAMutableURLRequest.h */,
				87BDEAA21994073B006412DC /* OAMutableURLRequest.m */,
				87BDEAA31994073B006412DC /* OAPlaintextSignatureProvider.h */,
				87BDEAA41994073B006412DC /* OAPlaintextSignatureProvider.m */,
				87BDEAA51994073B006412DC /* OAProblem.h */,
				87BDEAA61994073B006412DC /* OAProblem.m */,
				87BDEAA71994073B006412DC /* OARequestParameter.h */,
				87BDEAA81994073B006412DC /* OARequestParameter.m */,
				87BDEAA91994073B006412DC /* OAServiceTicket.h */,
				87BDEAAA1994073B006412DC /* OAServiceTicket.m */,
				87BDEAAB1994073B006412DC /* OASignatureProviding.h */,
				87BDEAAC1994073B006412DC /* OAToken.h */,
				87BDEAAD1994073B006412DC /* OAToken.m */,
				87BDEAAE1994073B006412DC /* OATokenManager.h */,
				87BDEAAF1994073B006412DC /* OATokenManager.m */,
				87BDEAB01994073B006412DC /* OAuthConsumer.h */,
			);
			name = OAuthConsumer;
			sourceTree = "<group>";
		};
		87BDEA9719940726006412DC /* Categories */ = {
			isa = PBXGroup;
			children = (
				87BDEAC519940764006412DC /* NSMutableURLRequest+Parameters.h */,
				87BDEAC619940764006412DC /* NSMutableURLRequest+Parameters.m */,
				87BDEAC719940764006412DC /* NSString+URLEncoding.h */,
				87BDEAC819940764006412DC /* NSString+URLEncoding.m */,
				87BDEAC919940764006412DC /* NSURL+Base.h */,
				87BDEACA19940764006412DC /* NSURL+Base.m */,
			);
			name = Categories;
			sourceTree = "<group>";
		};
		87BDEA9819940730006412DC /* Crypto */ = {
			isa = PBXGroup;
			children = (
				87BDEABC1994075D006412DC /* Base64Transcoder.c */,
				87BDEABD1994075D006412DC /* Base64Transcoder.h */,
				87BDEABE1994075D006412DC /* hmac.c */,
				87BDEABF1994075D006412DC /* hmac.h */,
				87BDEAC01994075D006412DC /* sha1.c */,
				87BDEAC11994075D006412DC /* sha1.h */,
			);
			name = Crypto;
			sourceTree = "<group>";
		};
/* End PBXGroup section */

/* Begin PBXNativeTarget section */
		87246B3019918C1A004697F9 /* gift */ = {
			isa = PBXNativeTarget;
			buildConfigurationList = 87246B4F19918C1A004697F9 /* Build configuration list for PBXNativeTarget "gift" */;
			buildPhases = (
				87246B2D19918C1A004697F9 /* Sources */,
				87246B2E19918C1A004697F9 /* Frameworks */,
				87246B2F19918C1A004697F9 /* Resources */,
			);
			buildRules = (
			);
			dependencies = (
			);
			name = gift;
			productName = gift;
			productReference = 87246B3119918C1A004697F9 /* gift.app */;
			productType = "com.apple.product-type.application";
		};
		87246B4419918C1A004697F9 /* giftTests */ = {
			isa = PBXNativeTarget;
			buildConfigurationList = 87246B5219918C1A004697F9 /* Build configuration list for PBXNativeTarget "giftTests" */;
			buildPhases = (
				87246B4119918C1A004697F9 /* Sources */,
				87246B4219918C1A004697F9 /* Frameworks */,
				87246B4319918C1A004697F9 /* Resources */,
			);
			buildRules = (
			);
			dependencies = (
				87246B4719918C1A004697F9 /* PBXTargetDependency */,
			);
			name = giftTests;
			productName = giftTests;
			productReference = 87246B4519918C1A004697F9 /* giftTests.xctest */;
			productType = "com.apple.product-type.bundle.unit-test";
		};
/* End PBXNativeTarget section */

/* Begin PBXProject section */
		87246B2919918C1A004697F9 /* Project object */ = {
			isa = PBXProject;
			attributes = {
				LastUpgradeCheck = 0600;
				ORGANIZATIONNAME = vincenttian;
				TargetAttributes = {
					87246B3019918C1A004697F9 = {
						CreatedOnToolsVersion = 6.0;
					};
					87246B4419918C1A004697F9 = {
						CreatedOnToolsVersion = 6.0;
						TestTargetID = 87246B3019918C1A004697F9;
					};
				};
			};
			buildConfigurationList = 87246B2C19918C1A004697F9 /* Build configuration list for PBXProject "gift" */;
			compatibilityVersion = "Xcode 3.2";
			developmentRegion = English;
			hasScannedForEncodings = 0;
			knownRegions = (
				en,
				Base,
			);
			mainGroup = 87246B2819918C1A004697F9;
			productRefGroup = 87246B3219918C1A004697F9 /* Products */;
			projectDirPath = "";
			projectRoot = "";
			targets = (
				87246B3019918C1A004697F9 /* gift */,
				87246B4419918C1A004697F9 /* giftTests */,
			);
		};
/* End PBXProject section */

/* Begin PBXResourcesBuildPhase section */
		87246B2F19918C1A004697F9 /* Resources */ = {
			isa = PBXResourcesBuildPhase;
			buildActionMask = 2147483647;
			files = (
				87F8D5E21993376200375FF0 /* 10.jpg in Resources */,
				87F8D5E11993376200375FF0 /* 15.jpg in Resources */,
				87F8D5ED1993377500375FF0 /* 2.jpg in Resources */,
				87246B861992DA0F004697F9 /* cal.jpeg in Resources */,
				874C8C4D19958574003B28A9 /* bettertogether.mp3 in Resources */,
				87246BA01992DEC1004697F9 /* walking.png in Resources */,
				87F8D5EE1993377500375FF0 /* 1.jpg in Resources */,
				87246B9C1992DE42004697F9 /* letter.png in Resources */,
				87246B961992DD81004697F9 /* camera.png in Resources */,
				87F8D5E71993376C00375FF0 /* 17.jpg in Resources */,
				874C8C4F19958585003B28A9 /* khalil.mp3 in Resources */,
				87F8D5E81993376C00375FF0 /* 20.jpg in Resources */,
				87F8D5DD1993376200375FF0 /* 16.jpg in Resources */,
				87246B9E1992DE6F004697F9 /* photos.png in Resources */,
				874C8C4919956412003B28A9 /* launchr4.jpeg in Resources */,
				87F8D5C6199332D600375FF0 /* us.jpg in Resources */,
				87F8D5C419932F1B00375FF0 /* map.png in Resources */,
				874C8C4819956412003B28A9 /* launch2x.jpeg in Resources */,
				87F8D5DE1993376200375FF0 /* 12.jpg in Resources */,
				87246B7A199197D4004697F9 /* me.png in Resources */,
				87246B921992DC04004697F9 /* picture.png in Resources */,
				87F8D5D31993375500375FF0 /* 9.jpg in Resources */,
				87F8D5D01993375500375FF0 /* 6.jpg in Resources */,
				87246B3E19918C1A004697F9 /* Main.storyboard in Resources */,
				87F8D5E91993376C00375FF0 /* 19.jpg in Resources */,
				87F8D5DF1993376200375FF0 /* 13.jpg in Resources */,
				87F8D5EA1993376C00375FF0 /* 18.jpg in Resources */,
				87F8D5D21993375500375FF0 /* 8.jpg in Resources */,
				87F8D5D11993375500375FF0 /* 7.jpg in Resources */,
				87246B4019918C1A004697F9 /* Images.xcassets in Resources */,
				87F8D5E01993376200375FF0 /* 14.jpg in Resources */,
				87F8D5DC1993376200375FF0 /* 11.jpg in Resources */,
				87F8D5CF1993375500375FF0 /* 5.jpg in Resources */,
				87246BA21992DF31004697F9 /* california.png in Resources */,
				87F8D5D41993375500375FF0 /* 3.jpg in Resources */,
				87F8D5CE1993375500375FF0 /* 4.jpg in Resources */,
			);
			runOnlyForDeploymentPostprocessing = 0;
		};
		87246B4319918C1A004697F9 /* Resources */ = {
			isa = PBXResourcesBuildPhase;
			buildActionMask = 2147483647;
			files = (
			);
			runOnlyForDeploymentPostprocessing = 0;
		};
/* End PBXResourcesBuildPhase section */

/* Begin PBXSourcesBuildPhase section */
		87246B2D19918C1A004697F9 /* Sources */ = {
			isa = PBXSourcesBuildPhase;
			buildActionMask = 2147483647;
			files = (
				87246BA41992E55A004697F9 /* WordViewController.swift in Sources */,
				87BDEABB1994073B006412DC /* OATokenManager.m in Sources */,
				87BDEAB71994073B006412DC /* OAProblem.m in Sources */,
				87BDEACD19940764006412DC /* NSURL+Base.m in Sources */,
				87BDEABA1994073B006412DC /* OAToken.m in Sources */,
				87BDEAB51994073B006412DC /* OAMutableURLRequest.m in Sources */,
				87BDEACC19940764006412DC /* NSString+URLEncoding.m in Sources */,
				87BDEAC41994075D006412DC /* sha1.c in Sources */,
				87BDEAB31994073B006412DC /* OADataFetcher.m in Sources */,
				87246B3719918C1A004697F9 /* AppDelegate.swift in Sources */,
				87246B3919918C1A004697F9 /* PictureViewController.swift in Sources */,
				87246B841992D3D1004697F9 /* AddPictureController.swift in Sources */,
				87BDEAB11994073B006412DC /* OACall.m in Sources */,
				87BDEAB91994073B006412DC /* OAServiceTicket.m in Sources */,
				87BDEAB81994073B006412DC /* OARequestParameter.m in Sources */,
				87BDEAC21994075D006412DC /* Base64Transcoder.c in Sources */,
				87BDEA9519940714006412DC /* YPAPISample.m in Sources */,
				874C8C521995879D003B28A9 /* MainViewController.m in Sources */,
				87BDEACB19940764006412DC /* NSMutableURLRequest+Parameters.m in Sources */,
				87BDEAC31994075D006412DC /* hmac.c in Sources */,
				87BDEAB21994073B006412DC /* OAConsumer.m in Sources */,
				87BDEAD2199427F7006412DC /* ActivitySuggestorController.m in Sources */,
				87BDEA9419940714006412DC /* NSURLRequest+OAuth.m in Sources */,
				87BDEAB41994073B006412DC /* OAHMAC_SHA1SignatureProvider.m in Sources */,
				87BDEAB61994073B006412DC /* OAPlaintextSignatureProvider.m in Sources */,
			);
			runOnlyForDeploymentPostprocessing = 0;
		};
		87246B4119918C1A004697F9 /* Sources */ = {
			isa = PBXSourcesBuildPhase;
			buildActionMask = 2147483647;
			files = (
				87246B4C19918C1A004697F9 /* giftTests.swift in Sources */,
			);
			runOnlyForDeploymentPostprocessing = 0;
		};
/* End PBXSourcesBuildPhase section */

/* Begin PBXTargetDependency section */
		87246B4719918C1A004697F9 /* PBXTargetDependency */ = {
			isa = PBXTargetDependency;
			target = 87246B3019918C1A004697F9 /* gift */;
			targetProxy = 87246B4619918C1A004697F9 /* PBXContainerItemProxy */;
		};
/* End PBXTargetDependency section */

/* Begin PBXVariantGroup section */
		87246B3C19918C1A004697F9 /* Main.storyboard */ = {
			isa = PBXVariantGroup;
			children = (
				87246B3D19918C1A004697F9 /* Base */,
			);
			name = Main.storyboard;
			sourceTree = "<group>";
		};
/* End PBXVariantGroup section */

/* Begin XCBuildConfiguration section */
		87246B4D19918C1A004697F9 /* Debug */ = {
			isa = XCBuildConfiguration;
			buildSettings = {
				ALWAYS_SEARCH_USER_PATHS = NO;
				CLANG_CXX_LANGUAGE_STANDARD = "gnu++0x";
				CLANG_CXX_LIBRARY = "libc++";
				CLANG_ENABLE_MODULES = YES;
				CLANG_ENABLE_OBJC_ARC = YES;
				CLANG_WARN_BOOL_CONVERSION = YES;
				CLANG_WARN_CONSTANT_CONVERSION = YES;
				CLANG_WARN_DIRECT_OBJC_ISA_USAGE = YES_ERROR;
				CLANG_WARN_EMPTY_BODY = YES;
				CLANG_WARN_ENUM_CONVERSION = YES;
				CLANG_WARN_INT_CONVERSION = YES;
				CLANG_WARN_OBJC_ROOT_CLASS = YES_ERROR;
				CLANG_WARN_UNREACHABLE_CODE = YES;
				CLANG_WARN__DUPLICATE_METHOD_MATCH = YES;
				"CODE_SIGN_IDENTITY[sdk=iphoneos*]" = "iPhone Developer";
				COPY_PHASE_STRIP = NO;
				ENABLE_STRICT_OBJC_MSGSEND = YES;
				GCC_C_LANGUAGE_STANDARD = gnu99;
				GCC_DYNAMIC_NO_PIC = NO;
				GCC_OPTIMIZATION_LEVEL = 0;
				GCC_PREPROCESSOR_DEFINITIONS = (
					"DEBUG=1",
					"$(inherited)",
				);
				GCC_SYMBOLS_PRIVATE_EXTERN = NO;
				GCC_WARN_64_TO_32_BIT_CONVERSION = YES;
				GCC_WARN_ABOUT_RETURN_TYPE = YES_ERROR;
				GCC_WARN_UNDECLARED_SELECTOR = YES;
				GCC_WARN_UNINITIALIZED_AUTOS = YES_AGGRESSIVE;
				GCC_WARN_UNUSED_FUNCTION = YES;
				GCC_WARN_UNUSED_VARIABLE = YES;
				IPHONEOS_DEPLOYMENT_TARGET = 8.0;
				MTL_ENABLE_DEBUG_INFO = YES;
				ONLY_ACTIVE_ARCH = YES;
				SDKROOT = iphoneos;
				SWIFT_OPTIMIZATION_LEVEL = "-Onone";
				TARGETED_DEVICE_FAMILY = "1,2";
			};
			name = Debug;
		};
		87246B4E19918C1A004697F9 /* Release */ = {
			isa = XCBuildConfiguration;
			buildSettings = {
				ALWAYS_SEARCH_USER_PATHS = NO;
				CLANG_CXX_LANGUAGE_STANDARD = "gnu++0x";
				CLANG_CXX_LIBRARY = "libc++";
				CLANG_ENABLE_MODULES = YES;
				CLANG_ENABLE_OBJC_ARC = YES;
				CLANG_WARN_BOOL_CONVERSION = YES;
				CLANG_WARN_CONSTANT_CONVERSION = YES;
				CLANG_WARN_DIRECT_OBJC_ISA_USAGE = YES_ERROR;
				CLANG_WARN_EMPTY_BODY = YES;
				CLANG_WARN_ENUM_CONVERSION = YES;
				CLANG_WARN_INT_CONVERSION = YES;
				CLANG_WARN_OBJC_ROOT_CLASS = YES_ERROR;
				CLANG_WARN_UNREACHABLE_CODE = YES;
				CLANG_WARN__DUPLICATE_METHOD_MATCH = YES;
				"CODE_SIGN_IDENTITY[sdk=iphoneos*]" = "iPhone Developer";
				COPY_PHASE_STRIP = YES;
				ENABLE_NS_ASSERTIONS = NO;
				ENABLE_STRICT_OBJC_MSGSEND = YES;
				GCC_C_LANGUAGE_STANDARD = gnu99;
				GCC_WARN_64_TO_32_BIT_CONVERSION = YES;
				GCC_WARN_ABOUT_RETURN_TYPE = YES_ERROR;
				GCC_WARN_UNDECLARED_SELECTOR = YES;
				GCC_WARN_UNINITIALIZED_AUTOS = YES_AGGRESSIVE;
				GCC_WARN_UNUSED_FUNCTION = YES;
				GCC_WARN_UNUSED_VARIABLE = YES;
				IPHONEOS_DEPLOYMENT_TARGET = 8.0;
				MTL_ENABLE_DEBUG_INFO = NO;
				SDKROOT = iphoneos;
				TARGETED_DEVICE_FAMILY = "1,2";
				VALIDATE_PRODUCT = YES;
			};
			name = Release;
		};
		87246B5019918C1A004697F9 /* Debug */ = {
			isa = XCBuildConfiguration;
			buildSettings = {
				ASSETCATALOG_COMPILER_APPICON_NAME = AppIcon;
				ASSETCATALOG_COMPILER_LAUNCHIMAGE_NAME = LaunchImage;
				CLANG_ENABLE_MODULES = YES;
				CLANG_ENABLE_OBJC_ARC = NO;
				FRAMEWORK_SEARCH_PATHS = (
					"$(inherited)",
					"$(PROJECT_DIR)",
				);
				INFOPLIST_FILE = gift/Info.plist;
				LD_RUNPATH_SEARCH_PATHS = "$(inherited) @executable_path/Frameworks";
				PRODUCT_NAME = "$(TARGET_NAME)";
				SWIFT_OBJC_BRIDGING_HEADER = "gift-Bridging-Header.h";
				SWIFT_OPTIMIZATION_LEVEL = "-Onone";
				TARGETED_DEVICE_FAMILY = 1;
			};
			name = Debug;
		};
		87246B5119918C1A004697F9 /* Release */ = {
			isa = XCBuildConfiguration;
			buildSettings = {
				ASSETCATALOG_COMPILER_APPICON_NAME = AppIcon;
				ASSETCATALOG_COMPILER_LAUNCHIMAGE_NAME = LaunchImage;
				CLANG_ENABLE_MODULES = YES;
				CLANG_ENABLE_OBJC_ARC = NO;
				FRAMEWORK_SEARCH_PATHS = (
					"$(inherited)",
					"$(PROJECT_DIR)",
				);
				INFOPLIST_FILE = gift/Info.plist;
				LD_RUNPATH_SEARCH_PATHS = "$(inherited) @executable_path/Frameworks";
				PRODUCT_NAME = "$(TARGET_NAME)";
				SWIFT_OBJC_BRIDGING_HEADER = "gift-Bridging-Header.h";
				TARGETED_DEVICE_FAMILY = 1;
			};
			name = Release;
		};
		87246B5319918C1A004697F9 /* Debug */ = {
			isa = XCBuildConfiguration;
			buildSettings = {
				BUNDLE_LOADER = "$(BUILT_PRODUCTS_DIR)/gift.app/gift";
				FRAMEWORK_SEARCH_PATHS = (
					"$(SDKROOT)/Developer/Library/Frameworks",
					"$(inherited)",
				);
				GCC_PREPROCESSOR_DEFINITIONS = (
					"DEBUG=1",
					"$(inherited)",
				);
				INFOPLIST_FILE = giftTests/Info.plist;
				LD_RUNPATH_SEARCH_PATHS = "$(inherited) @executable_path/Frameworks @loader_path/Frameworks";
				PRODUCT_NAME = "$(TARGET_NAME)";
				TEST_HOST = "$(BUNDLE_LOADER)";
			};
			name = Debug;
		};
		87246B5419918C1A004697F9 /* Release */ = {
			isa = XCBuildConfiguration;
			buildSettings = {
				BUNDLE_LOADER = "$(BUILT_PRODUCTS_DIR)/gift.app/gift";
				FRAMEWORK_SEARCH_PATHS = (
					"$(SDKROOT)/Developer/Library/Frameworks",
					"$(inherited)",
				);
				INFOPLIST_FILE = giftTests/Info.plist;
				LD_RUNPATH_SEARCH_PATHS = "$(inherited) @executable_path/Frameworks @loader_path/Frameworks";
				PRODUCT_NAME = "$(TARGET_NAME)";
				TEST_HOST = "$(BUNDLE_LOADER)";
			};
			name = Release;
		};
/* End XCBuildConfiguration section */

/* Begin XCConfigurationList section */
		87246B2C19918C1A004697F9 /* Build configuration list for PBXProject "gift" */ = {
			isa = XCConfigurationList;
			buildConfigurations = (
				87246B4D19918C1A004697F9 /* Debug */,
				87246B4E19918C1A004697F9 /* Release */,
			);
			defaultConfigurationIsVisible = 0;
			defaultConfigurationName = Release;
		};
		87246B4F19918C1A004697F9 /* Build configuration list for PBXNativeTarget "gift" */ = {
			isa = XCConfigurationList;
			buildConfigurations = (
				87246B5019918C1A004697F9 /* Debug */,
				87246B5119918C1A004697F9 /* Release */,
			);
			defaultConfigurationIsVisible = 0;
			defaultConfigurationName = Release;
		};
		87246B5219918C1A004697F9 /* Build configuration list for PBXNativeTarget "giftTests" */ = {
			isa = XCConfigurationList;
			buildConfigurations = (
				87246B5319918C1A004697F9 /* Debug */,
				87246B5419918C1A004697F9 /* Release */,
			);
			defaultConfigurationIsVisible = 0;
			defaultConfigurationName = Release;
		};
/* End XCConfigurationList section */
	};
	rootObject = 87246B2919918C1A004697F9 /* Project object */;
}
